
Microsoft Visual Studio Solution File, Format Version 12.00
# Visual Studio Version 17
VisualStudioVersion = 17.9.34728.123
MinimumVisualStudioVersion = 10.0.40219.1
Project("{FAE04EC0-301F-11D3-BF4B-00C04F79EFBC}") = "MasterWebAPI", "MasterWebAPI\MasterWebAPI.csproj", "{6BC8AA8F-1781-4264-A110-E5B7136B7ACE}"
EndProject
Project("{FAE04EC0-301F-11D3-BF4B-00C04F79EFBC}") = "DataAccess", "DataAccess\DataAccess.csproj", "{2C83B967-26F5-4303-977F-52382EEA88C1}"
EndProject
Global
	GlobalSection(SolutionConfigurationPlatforms) = preSolution
		Debug|Any CPU = Debug|Any CPU
		Release|Any CPU = Release|Any CPU
	EndGlobalSection
	GlobalSection(ProjectConfigurationPlatforms) = postSolution
		{6BC8AA8F-1781-4264-A110-E5B7136B7ACE}.Debug|Any CPU.ActiveCfg = Debug|Any CPU
		{6BC8AA8F-1781-4264-A110-E5B7136B7ACE}.Debug|Any CPU.Build.0 = Debug|Any CPU
		{6BC8AA8F-1781-4264-A110-E5B7136B7ACE}.Release|Any CPU.ActiveCfg = Release|Any CPU
		{6BC8AA8F-1781-4264-A110-E5B7136B7ACE}.Release|Any CPU.Build.0 = Release|Any CPU
		{2C83B967-26F5-4303-977F-52382EEA88C1}.Debug|Any CPU.ActiveCfg = Debug|Any CPU
		{2C83B967-26F5-4303-977F-52382EEA88C1}.Debug|Any CPU.Build.0 = Debug|Any CPU
		{2C83B967-26F5-4303-977F-52382EEA88C1}.Release|Any CPU.ActiveCfg = Release|Any CPU
		{2C83B967-26F5-4303-977F-52382EEA88C1}.Release|Any CPU.Build.0 = Release|Any CPU
	EndGlobalSection
	GlobalSection(SolutionProperties) = preSolution
		HideSolutionNode = FALSE
	EndGlobalSection
	GlobalSection(ExtensibilityGlobals) = postSolution
		SolutionGuid = {D19978A6-D41C-4699-A3F0-347F0DBD06FB}
	EndGlobalSection
EndGlobal
